
Microsoft Visual Studio Solution File, Format Version 12.00
# Visual Studio Version 17
VisualStudioVersion = 17.5.33530.505
MinimumVisualStudioVersion = 10.0.40219.1
Project("{FAE04EC0-301F-11D3-BF4B-00C04F79EFBC}") = "Test", "Test.csproj", "{AB1E7E5C-E23D-4FAF-BDE9-CF6721A0AEE2}"
EndProject
Global
	GlobalSection(SolutionConfigurationPlatforms) = preSolution
		Debug|Any CPU = Debug|Any CPU
		Release|Any CPU = Release|Any CPU
	EndGlobalSection
	GlobalSection(ProjectConfigurationPlatforms) = postSolution
		{AB1E7E5C-E23D-4FAF-BDE9-CF6721A0AEE2}.Debug|Any CPU.ActiveCfg = Debug|Any CPU
		{AB1E7E5C-E23D-4FAF-BDE9-CF6721A0AEE2}.Debug|Any CPU.Build.0 = Debug|Any CPU
		{AB1E7E5C-E23D-4FAF-BDE9-CF6721A0AEE2}.Release|Any CPU.ActiveCfg = Release|Any CPU
		{AB1E7E5C-E23D-4FAF-BDE9-CF6721A0AEE2}.Release|Any CPU.Build.0 = Release|Any CPU
	EndGlobalSection
	GlobalSection(SolutionProperties) = preSolution
		HideSolutionNode = FALSE
	EndGlobalSection
	GlobalSection(ExtensibilityGlobals) = postSolution
		SolutionGuid = {67F10855-8D1B-4CB2-A145-EB666D4C370E}
	EndGlobalSection
EndGlobal
